golang.org/x/net v0.0.0-20181207154023-610586996380 h1:zPQexyRtNYBc7bcHmehl1dH6TB3qn8zytv8cBGLDNY0=
golang.org/x/net v0.0.0-20181207154023-610586996380/go.mod h1:mL1N/T3taQHkDXs73rZJwtUhF3w3ftmwwsq0BUmARs4=
maunium.net/go/mautrix v0.0.0-20181114121347-3b909a424d14 h1:BU2payokgLMTgVLubdEmHhzjtoe3dR5eLpNLQXVblPY=
maunium.net/go/mautrix v0.0.0-20181114121347-3b909a424d14/go.mod h1:+thZeequb2CuDc9BwbdsGu0RmALOBavZl3aRHsWm4xQ=
